// !$*UTF8*$!
{
	archiveVersion = 1;
	classes = {
	};
	objectVersion = 50;
	objects = {

/* Begin PBXBuildFile section */
		87712D94220F235800B314EB /* OpenSansBold.ttf in Resources */ = {isa = PBXBuildFile; fileRef = 87712D92220F235700B314EB /* OpenSansBold.ttf */; };
		87712D95220F235800B314EB /* OpenSansRegular.ttf in Resources */ = {isa = PBXBuildFile; fileRef = 87712D93220F235700B314EB /* OpenSansRegular.ttf */; };
		87ED7D1B220EEC80000138A1 /* AppDelegate.swift in Sources */ = {isa = PBXBuildFile; fileRef = 87ED7D1A220EEC80000138A1 /* AppDelegate.swift */; };
		87ED7D1D220EEC80000138A1 /* ViewController.swift in Sources */ = {isa = PBXBuildFile; fileRef = 87ED7D1C220EEC80000138A1 /* ViewController.swift */; };
		87ED7D20220EEC80000138A1 /* Main.storyboard in Resources */ = {isa = PBXBuildFile; fileRef = 87ED7D1E220EEC80000138A1 /* Main.storyboard */; };
		87ED7D22220EEC85000138A1 /* Assets.xcassets in Resources */ = {isa = PBXBuildFile; fileRef = 87ED7D21220EEC85000138A1 /* Assets.xcassets */; };
		87ED7D25220EEC85000138A1 /* LaunchScreen.storyboard in Resources */ = {isa = PBXBuildFile; fileRef = 87ED7D23220EEC85000138A1 /* LaunchScreen.storyboard */; };
		87ED7D30220EEC86000138A1 /* SimpleCalculatorTests.swift in Sources */ = {isa = PBXBuildFile; fileRef = 87ED7D2F220EEC86000138A1 /* SimpleCalculatorTests.swift */; };
		87ED7D3B220EEC86000138A1 /* SimpleCalculatorUITests.swift in Sources */ = {isa = PBXBuildFile; fileRef = 87ED7D3A220EEC86000138A1 /* SimpleCalculatorUITests.swift */; };
/* End PBXBuildFile section */

/* Begin PBXContainerItemProxy section */
		87ED7D2C220EEC85000138A1 /* PBXContainerItemProxy */ = {
			isa = PBXContainerItemProxy;
			containerPortal = 87ED7D0F220EEC80000138A1 /* Project object */;
			proxyType = 1;
			remoteGlobalIDString = 87ED7D16220EEC80000138A1;
			remoteInfo = SimpleCalculator;
		};
		87ED7D37220EEC86000138A1 /* PBXContainerItemProxy */ = {
			isa = PBXContainerItemProxy;
			containerPortal = 87ED7D0F220EEC80000138A1 /* Project object */;
			proxyType = 1;
			remoteGlobalIDString = 87ED7D16220EEC80000138A1;
			remoteInfo = SimpleCalculator;
		};
/* End PBXContainerItemProxy section */

/* Begin PBXFileReference section */
		87712D92220F235700B314EB /* OpenSansBold.ttf */ = {isa = PBXFileReference; lastKnownFileType = file; path = OpenSansBold.ttf; sourceTree = "<group>"; };
		87712D93220F235700B314EB /* OpenSansRegular.ttf */ = {isa = PBXFileReference; lastKnownFileType = file; path = OpenSansRegular.ttf; sourceTree = "<group>"; };
		87ED7D17220EEC80000138A1 /* SimpleCalculator.app */ = {isa = PBXFileReference; explicitFileType = wrapper.application; includeInIndex = 0; path = SimpleCalculator.app; sourceTree = BUILT_PRODUCTS_DIR; };
		87ED7D1A220EEC80000138A1 /* AppDelegate.swift */ = {isa = PBXFileReference; lastKnownFileType = sourcecode.swift; path = AppDelegate.swift; sourceTree = "<group>"; };
		87ED7D1C220EEC80000138A1 /* ViewController.swift */ = {isa = PBXFileReference; lastKnownFileType = sourcecode.swift; path = ViewController.swift; sourceTree = "<group>"; };
		87ED7D1F220EEC80000138A1 /* Base */ = {isa = PBXFileReference; lastKnownFileType = file.storyboard; name = Base; path = Base.lproj/Main.storyboard; sourceTree = "<group>"; };
		87ED7D21220EEC85000138A1 /* Assets.xcassets */ = {isa = PBXFileReference; lastKnownFileType = folder.assetcatalog; path = Assets.xcassets; sourceTree = "<group>"; };
		87ED7D24220EEC85000138A1 /* Base */ = {isa = PBXFileReference; lastKnownFileType = file.storyboard; name = Base; path = Base.lproj/LaunchScreen.storyboard; sourceTree = "<group>"; };
		87ED7D26220EEC85000138A1 /* Info.plist */ = {isa = PBXFileReference; lastKnownFileType = text.plist.xml; path = Info.plist; sourceTree = "<group>"; };
		87ED7D2B220EEC85000138A1 /* SimpleCalculatorTests.xctest */ = {isa = PBXFileReference; explicitFileType = wrapper.cfbundle; includeInIndex = 0; path = SimpleCalculatorTests.xctest; sourceTree = BUILT_PRODUCTS_DIR; };
		87ED7D2F220EEC86000138A1 /* SimpleCalculatorTests.swift */ = {isa = PBXFileReference; lastKnownFileType = sourcecode.swift; path = SimpleCalculatorTests.swift; sourceTree = "<group>"; };
		87ED7D31220EEC86000138A1 /* Info.plist */ = {isa = PBXFileReference; lastKnownFileType = text.plist.xml; path = Info.plist; sourceTree = "<group>"; };
		87ED7D36220EEC86000138A1 /* SimpleCalculatorUITests.xctest */ = {isa = PBXFileReference; explicitFileType = wrapper.cfbundle; includeInIndex = 0; path = SimpleCalculatorUITests.xctest; sourceTree = BUILT_PRODUCTS_DIR; };
		87ED7D3A220EEC86000138A1 /* SimpleCalculatorUITests.swift */ = {isa = PBXFileReference; lastKnownFileType = sourcecode.swift; path = SimpleCalculatorUITests.swift; sourceTree = "<group>"; };
		87ED7D3C220EEC86000138A1 /* Info.plist */ = {isa = PBXFileReference; lastKnownFileType = text.plist.xml; path = Info.plist; sourceTree = "<group>"; };
/* End PBXFileReference section */

/* Begin PBXFrameworksBuildPhase section */
		87ED7D14220EEC80000138A1 /* Frameworks */ = {
			isa = PBXFrameworksBuildPhase;
			buildActionMask = 2147483647;
			files = (
			);
			runOnlyForDeploymentPostprocessing = 0;
		};
		87ED7D28220EEC85000138A1 /* Frameworks */ = {
			isa = PBXFrameworksBuildPhase;
			buildActionMask = 2147483647;
			files = (
			);
			runOnlyForDeploymentPostprocessing = 0;
		};
		87ED7D33220EEC86000138A1 /* Frameworks */ = {
			isa = PBXFrameworksBuildPhase;
			buildActionMask = 2147483647;
			files = (
			);
			runOnlyForDeploymentPostprocessing = 0;
		};
/* End PBXFrameworksBuildPhase section */

/* Begin PBXGroup section */
		87ED7D0E220EEC80000138A1 = {
			isa = PBXGroup;
			children = (
				87ED7D19220EEC80000138A1 /* SimpleCalculator */,
				87ED7D2E220EEC85000138A1 /* SimpleCalculatorTests */,
				87ED7D39220EEC86000138A1 /* SimpleCalculatorUITests */,
				87ED7D18220EEC80000138A1 /* Products */,
			);
			sourceTree = "<group>";
		};
		87ED7D18220EEC80000138A1 /* Products */ = {
			isa = PBXGroup;
			children = (
				87ED7D17220EEC80000138A1 /* SimpleCalculator.app */,
				87ED7D2B220EEC85000138A1 /* SimpleCalculatorTests.xctest */,
				87ED7D36220EEC86000138A1 /* SimpleCalculatorUITests.xctest */,
			);
			name = Products;
			sourceTree = "<group>";
		};
		87ED7D19220EEC80000138A1 /* SimpleCalculator */ = {
			isa = PBXGroup;
			children = (
				87712D92220F235700B314EB /* OpenSansBold.ttf */,
				87712D93220F235700B314EB /* OpenSansRegular.ttf */,
				87ED7D1A220EEC80000138A1 /* AppDelegate.swift */,
				87ED7D1C220EEC80000138A1 /* ViewController.swift */,
				87ED7D1E220EEC80000138A1 /* Main.storyboard */,
				87ED7D21220EEC85000138A1 /* Assets.xcassets */,
				87ED7D23220EEC85000138A1 /* LaunchScreen.storyboard */,
				87ED7D26220EEC85000138A1 /* Info.plist */,
			);
			path = SimpleCalculator;
			sourceTree = "<group>";
		};
		87ED7D2E220EEC85000138A1 /* SimpleCalculatorTests */ = {
			isa = PBXGroup;
			children = (
				87ED7D2F220EEC86000138A1 /* SimpleCalculatorTests.swift */,
				87ED7D31220EEC86000138A1 /* Info.plist */,
			);
			path = SimpleCalculatorTests;
			sourceTree = "<group>";
		};
		87ED7D39220EEC86000138A1 /* SimpleCalculatorUITests */ = {
			isa = PBXGroup;
			children = (
				87ED7D3A220EEC86000138A1 /* SimpleCalculatorUITests.swift */,
				87ED7D3C220EEC86000138A1 /* Info.plist */,
			);
			path = SimpleCalculatorUITests;
			sourceTree = "<group>";
		};
/* End PBXGroup section */

/* Begin PBXNativeTarget section */
		87ED7D16220EEC80000138A1 /* SimpleCalculator */ = {
			isa = PBXNativeTarget;
			buildConfigurationList = 87ED7D3F220EEC86000138A1 /* Build configuration list for PBXNativeTarget "SimpleCalculator" */;
			buildPhases = (
				87ED7D13220EEC80000138A1 /* Sources */,
				87ED7D14220EEC80000138A1 /* Frameworks */,
				87ED7D15220EEC80000138A1 /* Resources */,
			);
			buildRules = (
			);
			dependencies = (
			);
			name = SimpleCalculator;
			productName = SimpleCalculator;
			productReference = 87ED7D17220EEC80000138A1 /* SimpleCalculator.app */;
			productType = "com.apple.product-type.application";
		};
		87ED7D2A220EEC85000138A1 /* SimpleCalculatorTests */ = {
			isa = PBXNativeTarget;
			buildConfigurationList = 87ED7D42220EEC86000138A1 /* Build configuration list for PBXNativeTarget "SimpleCalculatorTests" */;
			buildPhases = (
				87ED7D27220EEC85000138A1 /* Sources */,
				87ED7D28220EEC85000138A1 /* Frameworks */,
				87ED7D29220EEC85000138A1 /* Resources */,
			);
			buildRules = (
			);
			dependencies = (
				87ED7D2D220EEC85000138A1 /* PBXTargetDependency */,
			);
			name = SimpleCalculatorTests;
			productName = SimpleCalculatorTests;
			productReference = 87ED7D2B220EEC85000138A1 /* SimpleCalculatorTests.xctest */;
			productType = "com.apple.product-type.bundle.unit-test";
		};
		87ED7D35220EEC86000138A1 /* SimpleCalculatorUITests */ = {
			isa = PBXNativeTarget;
			buildConfigurationList = 87ED7D45220EEC86000138A1 /* Build configuration list for PBXNativeTarget "SimpleCalculatorUITests" */;
			buildPhases = (
				87ED7D32220EEC86000138A1 /* Sources */,
				87ED7D33220EEC86000138A1 /* Frameworks */,
				87ED7D34220EEC86000138A1 /* Resources */,
			);
			buildRules = (
			);
			dependencies = (
				87ED7D38220EEC86000138A1 /* PBXTargetDependency */,
			);
			name = SimpleCalculatorUITests;
			productName = SimpleCalculatorUITests;
			productReference = 87ED7D36220EEC86000138A1 /* SimpleCalculatorUITests.xctest */;
			productType = "com.apple.product-type.bundle.ui-testing";
		};
/* End PBXNativeTarget section */

/* Begin PBXProject section */
		87ED7D0F220EEC80000138A1 /* Project object */ = {
			isa = PBXProject;
			attributes = {
				LastSwiftUpdateCheck = 1010;
				LastUpgradeCheck = 1010;
				ORGANIZATIONNAME = "Amir Hossein";
				TargetAttributes = {
					87ED7D16220EEC80000138A1 = {
						CreatedOnToolsVersion = 10.1;
					};
					87ED7D2A220EEC85000138A1 = {
						CreatedOnToolsVersion = 10.1;
						TestTargetID = 87ED7D16220EEC80000138A1;
					};
					87ED7D35220EEC86000138A1 = {
						CreatedOnToolsVersion = 10.1;
						TestTargetID = 87ED7D16220EEC80000138A1;
					};
				};
			};
			buildConfigurationList = 87ED7D12220EEC80000138A1 /* Build configuration list for PBXProject "SimpleCalculator" */;
			compatibilityVersion = "Xcode 9.3";
			developmentRegion = en;
			hasScannedForEncodings = 0;
			knownRegions = (
				en,
				Base,
			);
			mainGroup = 87ED7D0E220EEC80000138A1;
			productRefGroup = 87ED7D18220EEC80000138A1 /* Products */;
			projectDirPath = "";
			projectRoot = "";
			targets = (
				87ED7D16220EEC80000138A1 /* SimpleCalculator */,
				87ED7D2A220EEC85000138A1 /* SimpleCalculatorTests */,
				87ED7D35220EEC86000138A1 /* SimpleCalculatorUITests */,
			);
		};
/* End PBXProject section */

/* Begin PBXResourcesBuildPhase section */
		87ED7D15220EEC80000138A1 /* Resources */ = {
			isa = PBXResourcesBuildPhase;
			buildActionMask = 2147483647;
			files = (
				87712D94220F235800B314EB /* OpenSansBold.ttf in Resources */,
				87ED7D25220EEC85000138A1 /* LaunchScreen.storyboard in Resources */,
				87712D95220F235800B314EB /* OpenSansRegular.ttf in Resources */,
				87ED7D22220EEC85000138A1 /* Assets.xcassets in Resources */,
				87ED7D20220EEC80000138A1 /* Main.storyboard in Resources */,
			);
			runOnlyForDeploymentPostprocessing = 0;
		};
		87ED7D29220EEC85000138A1 /* Resources */ = {
			isa = PBXResourcesBuildPhase;
			buildActionMask = 2147483647;
			files = (
			);
			runOnlyForDeploymentPostprocessing = 0;
		};
		87ED7D34220EEC86000138A1 /* Resources */ = {
			isa = PBXResourcesBuildPhase;
			buildActionMask = 2147483647;
			files = (
			);
			runOnlyForDeploymentPostprocessing = 0;
		};
/* End PBXResourcesBuildPhase section */

/* Begin PBXSourcesBuildPhase section */
		87ED7D13220EEC80000138A1 /* Sources */ = {
			isa = PBXSourcesBuildPhase;
			buildActionMask = 2147483647;
			files = (
				87ED7D1D220EEC80000138A1 /* ViewController.swift in Sources */,
				87ED7D1B220EEC80000138A1 /* AppDelegate.swift in Sources */,
			);
			runOnlyForDeploymentPostprocessing = 0;
		};
		87ED7D27220EEC85000138A1 /* Sources */ = {
			isa = PBXSourcesBuildPhase;
			buildActionMask = 2147483647;
			files = (
				87ED7D30220EEC86000138A1 /* SimpleCalculatorTests.swift in Sources */,
			);
			runOnlyForDeploymentPostprocessing = 0;
		};
		87ED7D32220EEC86000138A1 /* Sources */ = {
			isa = PBXSourcesBuildPhase;
			buildActionMask = 2147483647;
			files = (
				87ED7D3B220EEC86000138A1 /* SimpleCalculatorUITests.swift in Sources */,
			);
			runOnlyForDeploymentPostprocessing = 0;
		};
/* End PBXSourcesBuildPhase section */

/* Begin PBXTargetDependency section */
		87ED7D2D220EEC85000138A1 /* PBXTargetDependency */ = {
			isa = PBXTargetDependency;
			target = 87ED7D16220EEC80000138A1 /* SimpleCalculator */;
			targetProxy = 87ED7D2C220EEC85000138A1 /* PBXContainerItemProxy */;
		};
		87ED7D38220EEC86000138A1 /* PBXTargetDependency */ = {
			isa = PBXTargetDependency;
			target = 87ED7D16220EEC80000138A1 /* SimpleCalculator */;
			targetProxy = 87ED7D37220EEC86000138A1 /* PBXContainerItemProxy */;
		};
/* End PBXTargetDependency section */

/* Begin PBXVariantGroup section */
		87ED7D1E220EEC80000138A1 /* Main.storyboard */ = {
			isa = PBXVariantGroup;
			children = (
				87ED7D1F220EEC80000138A1 /* Base */,
			);
			name = Main.storyboard;
			sourceTree = "<group>";
		};
		87ED7D23220EEC85000138A1 /* LaunchScreen.storyboard */ = {
			isa = PBXVariantGroup;
			children = (
				87ED7D24220EEC85000138A1 /* Base */,
			);
			name = LaunchScreen.storyboard;
			sourceTree = "<group>";
		};
/* End PBXVariantGroup section */

/* Begin XCBuildConfiguration section */
		87ED7D3D220EEC86000138A1 /* Debug */ = {
			isa = XCBuildConfiguration;
			buildSettings = {
				ALWAYS_SEARCH_USER_PATHS = NO;
				CLANG_ANALYZER_NONNULL = YES;
				CLANG_ANALYZER_NUMBER_OBJECT_CONVERSION = YES_AGGRESSIVE;
				CLANG_CXX_LANGUAGE_STANDARD = "gnu++14";
				CLANG_CXX_LIBRARY = "libc++";
				CLANG_ENABLE_MODULES = YES;
				CLANG_ENABLE_OBJC_ARC = YES;
				CLANG_ENABLE_OBJC_WEAK = YES;
				CLANG_WARN_BLOCK_CAPTURE_AUTORELEASING = YES;
				CLANG_WARN_BOOL_CONVERSION = YES;
				CLANG_WARN_COMMA = YES;
				CLANG_WARN_CONSTANT_CONVERSION = YES;
				CLANG_WARN_DEPRECATED_OBJC_IMPLEMENTATIONS = YES;
				CLANG_WARN_DIRECT_OBJC_ISA_USAGE = YES_ERROR;
				CLANG_WARN_DOCUMENTATION_COMMENTS = YES;
				CLANG_WARN_EMPTY_BODY = YES;
				CLANG_WARN_ENUM_CONVERSION = YES;
				CLANG_WARN_INFINITE_RECURSION = YES;
				CLANG_WARN_INT_CONVERSION = YES;
				CLANG_WARN_NON_LITERAL_NULL_CONVERSION = YES;
				CLANG_WARN_OBJC_IMPLICIT_RETAIN_SELF = YES;
				CLANG_WARN_OBJC_LITERAL_CONVERSION = YES;
				CLANG_WARN_OBJC_ROOT_CLASS = YES_ERROR;
				CLANG_WARN_RANGE_LOOP_ANALYSIS = YES;
				CLANG_WARN_STRICT_PROTOTYPES = YES;
				CLANG_WARN_SUSPICIOUS_MOVE = YES;
				CLANG_WARN_UNGUARDED_AVAILABILITY = YES_AGGRESSIVE;
				CLANG_WARN_UNREACHABLE_CODE = YES;
				CLANG_WARN__DUPLICATE_METHOD_MATCH = YES;
				CODE_SIGN_IDENTITY = "iPhone Developer";
				COPY_PHASE_STRIP = NO;
				DEBUG_INFORMATION_FORMAT = dwarf;
				ENABLE_STRICT_OBJC_MSGSEND = YES;
				ENABLE_TESTABILITY = YES;
				GCC_C_LANGUAGE_STANDARD = gnu11;
				GCC_DYNAMIC_NO_PIC = NO;
				GCC_NO_COMMON_BLOCKS = YES;
				GCC_OPTIMIZATION_LEVEL = 0;
				GCC_PREPROCESSOR_DEFINITIONS = (
					"DEBUG=1",
					"$(inherited)",
				);
				GCC_WARN_64_TO_32_BIT_CONVERSION = YES;
				GCC_WARN_ABOUT_RETURN_TYPE = YES_ERROR;
				GCC_WARN_UNDECLARED_SELECTOR = YES;
				GCC_WARN_UNINITIALIZED_AUTOS = YES_AGGRESSIVE;
				GCC_WARN_UNUSED_FUNCTION = YES;
				GCC_WARN_UNUSED_VARIABLE = YES;
				IPHONEOS_DEPLOYMENT_TARGET = 12.1;
				MTL_ENABLE_DEBUG_INFO = INCLUDE_SOURCE;
				MTL_FAST_MATH = YES;
				ONLY_ACTIVE_ARCH = YES;
				SDKROOT = iphoneos;
				SWIFT_ACTIVE_COMPILATION_CONDITIONS = DEBUG;
				SWIFT_OPTIMIZATION_LEVEL = "-Onone";
			};
			name = Debug;
		};
		87ED7D3E220EEC86000138A1 /* Release */ = {
			isa = XCBuildConfiguration;
			buildSettings = {
				ALWAYS_SEARCH_USER_PATHS = NO;
				CLANG_ANALYZER_NONNULL = YES;
				CLANG_ANALYZER_NUMBER_OBJECT_CONVERSION = YES_AGGRESSIVE;
				CLANG_CXX_LANGUAGE_STANDARD = "gnu++14";
				CLANG_CXX_LIBRARY = "libc++";
				CLANG_ENABLE_MODULES = YES;
				CLANG_ENABLE_OBJC_ARC = YES;
				CLANG_ENABLE_OBJC_WEAK = YES;
				CLANG_WARN_BLOCK_CAPTURE_AUTORELEASING = YES;
				CLANG_WARN_BOOL_CONVERSION = YES;
				CLANG_WARN_COMMA = YES;
				CLANG_WARN_CONSTANT_CONVERSION = YES;
				CLANG_WARN_DEPRECATED_OBJC_IMPLEMENTATIONS = YES;
				CLANG_WARN_DIRECT_OBJC_ISA_USAGE = YES_ERROR;
				CLANG_WARN_DOCUMENTATION_COMMENTS = YES;
				CLANG_WARN_EMPTY_BODY = YES;
				CLANG_WARN_ENUM_CONVERSION = YES;
				CLANG_WARN_INFINITE_RECURSION = YES;
				CLANG_WARN_INT_CONVERSION = YES;
				CLANG_WARN_NON_LITERAL_NULL_CONVERSION = YES;
				CLANG_WARN_OBJC_IMPLICIT_RETAIN_SELF = YES;
				CLANG_WARN_OBJC_LITERAL_CONVERSION = YES;
				CLANG_WARN_OBJC_ROOT_CLASS = YES_ERROR;
				CLANG_WARN_RANGE_LOOP_ANALYSIS = YES;
				CLANG_WARN_STRICT_PROTOTYPES = YES;
				CLANG_WARN_SUSPICIOUS_MOVE = YES;
				CLANG_WARN_UNGUARDED_AVAILABILITY = YES_AGGRESSIVE;
				CLANG_WARN_UNREACHABLE_CODE = YES;
				CLANG_WARN__DUPLICATE_METHOD_MATCH = YES;
				CODE_SIGN_IDENTITY = "iPhone Developer";
				COPY_PHASE_STRIP = NO;
				DEBUG_INFORMATION_FORMAT = "dwarf-with-dsym";
				ENABLE_NS_ASSERTIONS = NO;
				ENABLE_STRICT_OBJC_MSGSEND = YES;
				GCC_C_LANGUAGE_STANDARD = gnu11;
				GCC_NO_COMMON_BLOCKS = YES;
				GCC_WARN_64_TO_32_BIT_CONVERSION = YES;
				GCC_WARN_ABOUT_RETURN_TYPE = YES_ERROR;
				GCC_WARN_UNDECLARED_SELECTOR = YES;
				GCC_WARN_UNINITIALIZED_AUTOS = YES_AGGRESSIVE;
				GCC_WARN_UNUSED_FUNCTION = YES;
				GCC_WARN_UNUSED_VARIABLE = YES;
				IPHONEOS_DEPLOYMENT_TARGET = 12.1;
				MTL_ENABLE_DEBUG_INFO = NO;
				MTL_FAST_MATH = YES;
				SDKROOT = iphoneos;
				SWIFT_COMPILATION_MODE = wholemodule;
				SWIFT_OPTIMIZATION_LEVEL = "-O";
				VALIDATE_PRODUCT = YES;
			};
			name = Release;
		};
		87ED7D40220EEC86000138A1 /* Debug */ = {
			isa = XCBuildConfiguration;
			buildSettings = {
				ASSETCATALOG_COMPILER_APPICON_NAME = AppIcon;
				CODE_SIGN_STYLE = Automatic;
				INFOPLIST_FILE = SimpleCalculator/Info.plist;
				LD_RUNPATH_SEARCH_PATHS = (
					"$(inherited)",
					"@executable_path/Frameworks",
				);
				PRODUCT_BUNDLE_IDENTIFIER = com.SamadiPour.SimpleCalculator;
				PRODUCT_NAME = "$(TARGET_NAME)";
				SWIFT_VERSION = 4.2;
				TARGETED_DEVICE_FAMILY = "1,2";
			};
			name = Debug;
		};
		87ED7D41220EEC86000138A1 /* Release */ = {
			isa = XCBuildConfiguration;
			buildSettings = {
				ASSETCATALOG_COMPILER_APPICON_NAME = AppIcon;
				CODE_SIGN_STYLE = Automatic;
				INFOPLIST_FILE = SimpleCalculator/Info.plist;
				LD_RUNPATH_SEARCH_PATHS = (
					"$(inherited)",
					"@executable_path/Frameworks",
				);
				PRODUCT_BUNDLE_IDENTIFIER = com.SamadiPour.SimpleCalculator;
				PRODUCT_NAME = "$(TARGET_NAME)";
				SWIFT_VERSION = 4.2;
				TARGETED_DEVICE_FAMILY = "1,2";
			};
			name = Release;
		};
		87ED7D43220EEC86000138A1 /* Debug */ = {
			isa = XCBuildConfiguration;
			buildSettings = {
				ALWAYS_EMBED_SWIFT_STANDARD_LIBRARIES = YES;
				BUNDLE_LOADER = "$(TEST_HOST)";
				CODE_SIGN_STYLE = Automatic;
				INFOPLIST_FILE = SimpleCalculatorTests/Info.plist;
				LD_RUNPATH_SEARCH_PATHS = (
					"$(inherited)",
					"@executable_path/Frameworks",
					"@loader_path/Frameworks",
				);
				PRODUCT_BUNDLE_IDENTIFIER = com.SamadiPour.SimpleCalculatorTests;
				PRODUCT_NAME = "$(TARGET_NAME)";
				SWIFT_VERSION = 4.2;
				TARGETED_DEVICE_FAMILY = "1,2";
				TEST_HOST = "$(BUILT_PRODUCTS_DIR)/SimpleCalculator.app/SimpleCalculator";
			};
			name = Debug;
		};
		87ED7D44220EEC86000138A1 /* Release */ = {
			isa = XCBuildConfiguration;
			buildSettings = {
				ALWAYS_EMBED_SWIFT_STANDARD_LIBRARIES = YES;
				BUNDLE_LOADER = "$(TEST_HOST)";
				CODE_SIGN_STYLE = Automatic;
				INFOPLIST_FILE = SimpleCalculatorTests/Info.plist;
				LD_RUNPATH_SEARCH_PATHS = (
					"$(inherited)",
					"@executable_path/Frameworks",
					"@loader_path/Frameworks",
				);
				PRODUCT_BUNDLE_IDENTIFIER = com.SamadiPour.SimpleCalculatorTests;
				PRODUCT_NAME = "$(TARGET_NAME)";
				SWIFT_VERSION = 4.2;
				TARGETED_DEVICE_FAMILY = "1,2";
				TEST_HOST = "$(BUILT_PRODUCTS_DIR)/SimpleCalculator.app/SimpleCalculator";
			};
			name = Release;
		};
		87ED7D46220EEC86000138A1 /* Debug */ = {
			isa = XCBuildConfiguration;
			buildSettings = {
				ALWAYS_EMBED_SWIFT_STANDARD_LIBRARIES = YES;
				CODE_SIGN_STYLE = Automatic;
				INFOPLIST_FILE = SimpleCalculatorUITests/Info.plist;
				LD_RUNPATH_SEARCH_PATHS = (
					"$(inherited)",
					"@executable_path/Frameworks",
					"@loader_path/Frameworks",
				);
				PRODUCT_BUNDLE_IDENTIFIER = com.SamadiPour.SimpleCalculatorUITests;
				PRODUCT_NAME = "$(TARGET_NAME)";
				SWIFT_VERSION = 4.2;
				TARGETED_DEVICE_FAMILY = "1,2";
				TEST_TARGET_NAME = SimpleCalculator;
			};
			name = Debug;
		};
		87ED7D47220EEC86000138A1 /* Release */ = {
			isa = XCBuildConfiguration;
			buildSettings = {
				ALWAYS_EMBED_SWIFT_STANDARD_LIBRARIES = YES;
				CODE_SIGN_STYLE = Automatic;
				INFOPLIST_FILE = SimpleCalculatorUITests/Info.plist;
				LD_RUNPATH_SEARCH_PATHS = (
					"$(inherited)",
					"@executable_path/Frameworks",
					"@loader_path/Frameworks",
				);
				PRODUCT_BUNDLE_IDENTIFIER = com.SamadiPour.SimpleCalculatorUITests;
				PRODUCT_NAME = "$(TARGET_NAME)";
				SWIFT_VERSION = 4.2;
				TARGETED_DEVICE_FAMILY = "1,2";
				TEST_TARGET_NAME = SimpleCalculator;
			};
			name = Release;
		};
/* End XCBuildConfiguration section */

/* Begin XCConfigurationList section */
		87ED7D12220EEC80000138A1 /* Build configuration list for PBXProject "SimpleCalculator" */ = {
			isa = XCConfigurationList;
			buildConfigurations = (
				87ED7D3D220EEC86000138A1 /* Debug */,
				87ED7D3E220EEC86000138A1 /* Release */,
			);
			defaultConfigurationIsVisible = 0;
			defaultConfigurationName = Release;
		};
		87ED7D3F220EEC86000138A1 /* Build configuration list for PBXNativeTarget "SimpleCalculator" */ = {
			isa = XCConfigurationList;
			buildConfigurations = (
				87ED7D40220EEC86000138A1 /* Debug */,
				87ED7D41220EEC86000138A1 /* Release */,
			);
			defaultConfigurationIsVisible = 0;
			defaultConfigurationName = Release;
		};
		87ED7D42220EEC86000138A1 /* Build configuration list for PBXNativeTarget "SimpleCalculatorTests" */ = {
			isa = XCConfigurationList;
			buildConfigurations = (
				87ED7D43220EEC86000138A1 /* Debug */,
				87ED7D44220EEC86000138A1 /* Release */,
			);
			defaultConfigurationIsVisible = 0;
			defaultConfigurationName = Release;
		};
		87ED7D45220EEC86000138A1 /* Build configuration list for PBXNativeTarget "SimpleCalculatorUITests" */ = {
			isa = XCConfigurationList;
			buildConfigurations = (
				87ED7D46220EEC86000138A1 /* Debug */,
				87ED7D47220EEC86000138A1 /* Release */,
			);
			defaultConfigurationIsVisible = 0;
			defaultConfigurationName = Release;
		};
/* End XCConfigurationList section */
	};
	rootObject = 87ED7D0F220EEC80000138A1 /* Project object */;
}
